{
  "object": {
    "pins": [
      {
        "package": "BaseKit",
        "repositoryURL": "https://github.com/andyfinnell/BaseKit.git",
        "state": {
          "branch": null,
          "revision": "8e6844958102109b509b8cfbbf49e241e80904c4",
          "version": "0.0.1"
        }
      }
    ]
  },
  "version": 1
}
